// !$*UTF8*$!
{
	archiveVersion = 1;
	classes = {
	};
	objectVersion = 50;
	objects = {

/* Begin PBXBuildFile section */
		A163D73224A936D900090013 /* EmojiArtExtensions.swift in Sources */ = {isa = PBXBuildFile; fileRef = A163D73124A936D900090013 /* EmojiArtExtensions.swift */; };
		A16A4A4824C7AFF000BEA551 /* OptionalImage.swift in Sources */ = {isa = PBXBuildFile; fileRef = A16A4A4724C7AFF000BEA551 /* OptionalImage.swift */; };
		A16A4A4A24C7B65000BEA551 /* AnimatableSystemFontModifier.swift in Sources */ = {isa = PBXBuildFile; fileRef = A16A4A4924C7B65000BEA551 /* AnimatableSystemFontModifier.swift */; };
		A170222324A7F33600C7A5FB /* EmojiArt.swift in Sources */ = {isa = PBXBuildFile; fileRef = A170222224A7F33600C7A5FB /* EmojiArt.swift */; };
		A1A2574D24A7E36B0074B4AC /* AppDelegate.swift in Sources */ = {isa = PBXBuildFile; fileRef = A1A2574C24A7E36B0074B4AC /* AppDelegate.swift */; };
		A1A2574F24A7E36B0074B4AC /* SceneDelegate.swift in Sources */ = {isa = PBXBuildFile; fileRef = A1A2574E24A7E36B0074B4AC /* SceneDelegate.swift */; };
		A1A2575124A7E36B0074B4AC /* EmojiArtDocumentView.swift in Sources */ = {isa = PBXBuildFile; fileRef = A1A2575024A7E36B0074B4AC /* EmojiArtDocumentView.swift */; };
		A1A2575324A7E36F0074B4AC /* Assets.xcassets in Resources */ = {isa = PBXBuildFile; fileRef = A1A2575224A7E36F0074B4AC /* Assets.xcassets */; };
		A1A2575624A7E36F0074B4AC /* Preview Assets.xcassets in Resources */ = {isa = PBXBuildFile; fileRef = A1A2575524A7E36F0074B4AC /* Preview Assets.xcassets */; };
		A1A2575924A7E36F0074B4AC /* LaunchScreen.storyboard in Resources */ = {isa = PBXBuildFile; fileRef = A1A2575724A7E36F0074B4AC /* LaunchScreen.storyboard */; };
		A1A2576124A7E5470074B4AC /* EmojiArtDocument.swift in Sources */ = {isa = PBXBuildFile; fileRef = A1A2576024A7E5470074B4AC /* EmojiArtDocument.swift */; };
/* End PBXBuildFile section */

/* Begin PBXFileReference section */
		A163D73124A936D900090013 /* EmojiArtExtensions.swift */ = {isa = PBXFileReference; fileEncoding = 4; lastKnownFileType = sourcecode.swift; path = EmojiArtExtensions.swift; sourceTree = "<group>"; };
		A16A4A4724C7AFF000BEA551 /* OptionalImage.swift */ = {isa = PBXFileReference; lastKnownFileType = sourcecode.swift; path = OptionalImage.swift; sourceTree = "<group>"; };
		A16A4A4924C7B65000BEA551 /* AnimatableSystemFontModifier.swift */ = {isa = PBXFileReference; lastKnownFileType = sourcecode.swift; path = AnimatableSystemFontModifier.swift; sourceTree = "<group>"; };
		A170222224A7F33600C7A5FB /* EmojiArt.swift */ = {isa = PBXFileReference; lastKnownFileType = sourcecode.swift; path = EmojiArt.swift; sourceTree = "<group>"; };
		A1A2574924A7E36B0074B4AC /* EmojiArt.app */ = {isa = PBXFileReference; explicitFileType = wrapper.application; includeInIndex = 0; path = EmojiArt.app; sourceTree = BUILT_PRODUCTS_DIR; };
		A1A2574C24A7E36B0074B4AC /* AppDelegate.swift */ = {isa = PBXFileReference; lastKnownFileType = sourcecode.swift; path = AppDelegate.swift; sourceTree = "<group>"; };
		A1A2574E24A7E36B0074B4AC /* SceneDelegate.swift */ = {isa = PBXFileReference; lastKnownFileType = sourcecode.swift; path = SceneDelegate.swift; sourceTree = "<group>"; };
		A1A2575024A7E36B0074B4AC /* EmojiArtDocumentView.swift */ = {isa = PBXFileReference; lastKnownFileType = sourcecode.swift; path = EmojiArtDocumentView.swift; sourceTree = "<group>"; };
		A1A2575224A7E36F0074B4AC /* Assets.xcassets */ = {isa = PBXFileReference; lastKnownFileType = folder.assetcatalog; path = Assets.xcassets; sourceTree = "<group>"; };
		A1A2575524A7E36F0074B4AC /* Preview Assets.xcassets */ = {isa = PBXFileReference; lastKnownFileType = folder.assetcatalog; path = "Preview Assets.xcassets"; sourceTree = "<group>"; };
		A1A2575824A7E36F0074B4AC /* Base */ = {isa = PBXFileReference; lastKnownFileType = file.storyboard; name = Base; path = Base.lproj/LaunchScreen.storyboard; sourceTree = "<group>"; };
		A1A2575A24A7E36F0074B4AC /* Info.plist */ = {isa = PBXFileReference; lastKnownFileType = text.plist.xml; path = Info.plist; sourceTree = "<group>"; };
		A1A2576024A7E5470074B4AC /* EmojiArtDocument.swift */ = {isa = PBXFileReference; lastKnownFileType = sourcecode.swift; path = EmojiArtDocument.swift; sourceTree = "<group>"; };
/* End PBXFileReference section */

/* Begin PBXFrameworksBuildPhase section */
		A1A2574624A7E36B0074B4AC /* Frameworks */ = {
			isa = PBXFrameworksBuildPhase;
			buildActionMask = 2147483647;
			files = (
			);
			runOnlyForDeploymentPostprocessing = 0;
		};
/* End PBXFrameworksBuildPhase section */

/* Begin PBXGroup section */
		A1A2574024A7E36B0074B4AC = {
			isa = PBXGroup;
			children = (
				A1A2574B24A7E36B0074B4AC /* EmojiArt */,
				A1A2574A24A7E36B0074B4AC /* Products */,
			);
			sourceTree = "<group>";
		};
		A1A2574A24A7E36B0074B4AC /* Products */ = {
			isa = PBXGroup;
			children = (
				A1A2574924A7E36B0074B4AC /* EmojiArt.app */,
			);
			name = Products;
			sourceTree = "<group>";
		};
		A1A2574B24A7E36B0074B4AC /* EmojiArt */ = {
			isa = PBXGroup;
			children = (
				A1FA99AD24C5083C0080E967 /* Views */,
				A1FA99AC24C508300080E967 /* ViewModels */,
				A1FA99AB24C508250080E967 /* Models */,
				A1FA99AA24C508180080E967 /* Utils */,
				A1A2574C24A7E36B0074B4AC /* AppDelegate.swift */,
				A1A2574E24A7E36B0074B4AC /* SceneDelegate.swift */,
				A1A2575224A7E36F0074B4AC /* Assets.xcassets */,
				A1A2575724A7E36F0074B4AC /* LaunchScreen.storyboard */,
				A1A2575A24A7E36F0074B4AC /* Info.plist */,
				A1A2575424A7E36F0074B4AC /* Preview Content */,
			);
			path = EmojiArt;
			sourceTree = "<group>";
		};
		A1A2575424A7E36F0074B4AC /* Preview Content */ = {
			isa = PBXGroup;
			children = (
				A1A2575524A7E36F0074B4AC /* Preview Assets.xcassets */,
			);
			path = "Preview Content";
			sourceTree = "<group>";
		};
		A1FA99AA24C508180080E967 /* Utils */ = {
			isa = PBXGroup;
			children = (
				A16A4A4724C7AFF000BEA551 /* OptionalImage.swift */,
				A163D73124A936D900090013 /* EmojiArtExtensions.swift */,
				A16A4A4924C7B65000BEA551 /* AnimatableSystemFontModifier.swift */,
			);
			path = Utils;
			sourceTree = "<group>";
		};
		A1FA99AB24C508250080E967 /* Models */ = {
			isa = PBXGroup;
			children = (
				A170222224A7F33600C7A5FB /* EmojiArt.swift */,
			);
			path = Models;
			sourceTree = "<group>";
		};
		A1FA99AC24C508300080E967 /* ViewModels */ = {
			isa = PBXGroup;
			children = (
				A1A2576024A7E5470074B4AC /* EmojiArtDocument.swift */,
			);
			path = ViewModels;
			sourceTree = "<group>";
		};
		A1FA99AD24C5083C0080E967 /* Views */ = {
			isa = PBXGroup;
			children = (
				A1A2575024A7E36B0074B4AC /* EmojiArtDocumentView.swift */,
			);
			path = Views;
			sourceTree = "<group>";
		};
/* End PBXGroup section */

/* Begin PBXNativeTarget section */
		A1A2574824A7E36B0074B4AC /* EmojiArt */ = {
			isa = PBXNativeTarget;
			buildConfigurationList = A1A2575D24A7E36F0074B4AC /* Build configuration list for PBXNativeTarget "EmojiArt" */;
			buildPhases = (
				A1A2574524A7E36B0074B4AC /* Sources */,
				A1A2574624A7E36B0074B4AC /* Frameworks */,
				A1A2574724A7E36B0074B4AC /* Resources */,
			);
			buildRules = (
			);
			dependencies = (
			);
			name = EmojiArt;
			productName = EmojiArt;
			productReference = A1A2574924A7E36B0074B4AC /* EmojiArt.app */;
			productType = "com.apple.product-type.application";
		};
/* End PBXNativeTarget section */

/* Begin PBXProject section */
		A1A2574124A7E36B0074B4AC /* Project object */ = {
			isa = PBXProject;
			attributes = {
				LastSwiftUpdateCheck = 1150;
				LastUpgradeCheck = 1150;
				ORGANIZATIONNAME = "Ahmed Albaqawi";
				TargetAttributes = {
					A1A2574824A7E36B0074B4AC = {
						CreatedOnToolsVersion = 11.5;
					};
				};
			};
			buildConfigurationList = A1A2574424A7E36B0074B4AC /* Build configuration list for PBXProject "EmojiArt" */;
			compatibilityVersion = "Xcode 9.3";
			developmentRegion = en;
			hasScannedForEncodings = 0;
			knownRegions = (
				en,
				Base,
			);
			mainGroup = A1A2574024A7E36B0074B4AC;
			productRefGroup = A1A2574A24A7E36B0074B4AC /* Products */;
			projectDirPath = "";
			projectRoot = "";
			targets = (
				A1A2574824A7E36B0074B4AC /* EmojiArt */,
			);
		};
/* End PBXProject section */

/* Begin PBXResourcesBuildPhase section */
		A1A2574724A7E36B0074B4AC /* Resources */ = {
			isa = PBXResourcesBuildPhase;
			buildActionMask = 2147483647;
			files = (
				A1A2575924A7E36F0074B4AC /* LaunchScreen.storyboard in Resources */,
				A1A2575624A7E36F0074B4AC /* Preview Assets.xcassets in Resources */,
				A1A2575324A7E36F0074B4AC /* Assets.xcassets in Resources */,
			);
			runOnlyForDeploymentPostprocessing = 0;
		};
/* End PBXResourcesBuildPhase section */

/* Begin PBXSourcesBuildPhase section */
		A1A2574524A7E36B0074B4AC /* Sources */ = {
			isa = PBXSourcesBuildPhase;
			buildActionMask = 2147483647;
			files = (
				A1A2574D24A7E36B0074B4AC /* AppDelegate.swift in Sources */,
				A1A2574F24A7E36B0074B4AC /* SceneDelegate.swift in Sources */,
				A163D73224A936D900090013 /* EmojiArtExtensions.swift in Sources */,
				A170222324A7F33600C7A5FB /* EmojiArt.swift in Sources */,
				A16A4A4A24C7B65000BEA551 /* AnimatableSystemFontModifier.swift in Sources */,
				A1A2575124A7E36B0074B4AC /* EmojiArtDocumentView.swift in Sources */,
				A16A4A4824C7AFF000BEA551 /* OptionalImage.swift in Sources */,
				A1A2576124A7E5470074B4AC /* EmojiArtDocument.swift in Sources */,
			);
			runOnlyForDeploymentPostprocessing = 0;
		};
/* End PBXSourcesBuildPhase section */

/* Begin PBXVariantGroup section */
		A1A2575724A7E36F0074B4AC /* LaunchScreen.storyboard */ = {
			isa = PBXVariantGroup;
			children = (
				A1A2575824A7E36F0074B4AC /* Base */,
			);
			name = LaunchScreen.storyboard;
			sourceTree = "<group>";
		};
/* End PBXVariantGroup section */

/* Begin XCBuildConfiguration section */
		A1A2575B24A7E36F0074B4AC /* Debug */ = {
			isa = XCBuildConfiguration;
			buildSettings = {
				ALWAYS_SEARCH_USER_PATHS = NO;
				CLANG_ANALYZER_NONNULL = YES;
				CLANG_ANALYZER_NUMBER_OBJECT_CONVERSION = YES_AGGRESSIVE;
				CLANG_CXX_LANGUAGE_STANDARD = "gnu++14";
				CLANG_CXX_LIBRARY = "libc++";
				CLANG_ENABLE_MODULES = YES;
				CLANG_ENABLE_OBJC_ARC = YES;
				CLANG_ENABLE_OBJC_WEAK = YES;
				CLANG_WARN_BLOCK_CAPTURE_AUTORELEASING = YES;
				CLANG_WARN_BOOL_CONVERSION = YES;
				CLANG_WARN_COMMA = YES;
				CLANG_WARN_CONSTANT_CONVERSION = YES;
				CLANG_WARN_DEPRECATED_OBJC_IMPLEMENTATIONS = YES;
				CLANG_WARN_DIRECT_OBJC_ISA_USAGE = YES_ERROR;
				CLANG_WARN_DOCUMENTATION_COMMENTS = YES;
				CLANG_WARN_EMPTY_BODY = YES;
				CLANG_WARN_ENUM_CONVERSION = YES;
				CLANG_WARN_INFINITE_RECURSION = YES;
				CLANG_WARN_INT_CONVERSION = YES;
				CLANG_WARN_NON_LITERAL_NULL_CONVERSION = YES;
				CLANG_WARN_OBJC_IMPLICIT_RETAIN_SELF = YES;
				CLANG_WARN_OBJC_LITERAL_CONVERSION = YES;
				CLANG_WARN_OBJC_ROOT_CLASS = YES_ERROR;
				CLANG_WARN_RANGE_LOOP_ANALYSIS = YES;
				CLANG_WARN_STRICT_PROTOTYPES = YES;
				CLANG_WARN_SUSPICIOUS_MOVE = YES;
				CLANG_WARN_UNGUARDED_AVAILABILITY = YES_AGGRESSIVE;
				CLANG_WARN_UNREACHABLE_CODE = YES;
				CLANG_WARN__DUPLICATE_METHOD_MATCH = YES;
				COPY_PHASE_STRIP = NO;
				DEBUG_INFORMATION_FORMAT = dwarf;
				ENABLE_STRICT_OBJC_MSGSEND = YES;
				ENABLE_TESTABILITY = YES;
				GCC_C_LANGUAGE_STANDARD = gnu11;
				GCC_DYNAMIC_NO_PIC = NO;
				GCC_NO_COMMON_BLOCKS = YES;
				GCC_OPTIMIZATION_LEVEL = 0;
				GCC_PREPROCESSOR_DEFINITIONS = (
					"DEBUG=1",
					"$(inherited)",
				);
				GCC_WARN_64_TO_32_BIT_CONVERSION = YES;
				GCC_WARN_ABOUT_RETURN_TYPE = YES_ERROR;
				GCC_WARN_UNDECLARED_SELECTOR = YES;
				GCC_WARN_UNINITIALIZED_AUTOS = YES_AGGRESSIVE;
				GCC_WARN_UNUSED_FUNCTION = YES;
				GCC_WARN_UNUSED_VARIABLE = YES;
				IPHONEOS_DEPLOYMENT_TARGET = 13.5;
				MTL_ENABLE_DEBUG_INFO = INCLUDE_SOURCE;
				MTL_FAST_MATH = YES;
				ONLY_ACTIVE_ARCH = YES;
				SDKROOT = iphoneos;
				SWIFT_ACTIVE_COMPILATION_CONDITIONS = DEBUG;
				SWIFT_OPTIMIZATION_LEVEL = "-Onone";
			};
			name = Debug;
		};
		A1A2575C24A7E36F0074B4AC /* Release */ = {
			isa = XCBuildConfiguration;
			buildSettings = {
				ALWAYS_SEARCH_USER_PATHS = NO;
				CLANG_ANALYZER_NONNULL = YES;
				CLANG_ANALYZER_NUMBER_OBJECT_CONVERSION = YES_AGGRESSIVE;
				CLANG_CXX_LANGUAGE_STANDARD = "gnu++14";
				CLANG_CXX_LIBRARY = "libc++";
				CLANG_ENABLE_MODULES = YES;
				CLANG_ENABLE_OBJC_ARC = YES;
				CLANG_ENABLE_OBJC_WEAK = YES;
				CLANG_WARN_BLOCK_CAPTURE_AUTORELEASING = YES;
				CLANG_WARN_BOOL_CONVERSION = YES;
				CLANG_WARN_COMMA = YES;
				CLANG_WARN_CONSTANT_CONVERSION = YES;
				CLANG_WARN_DEPRECATED_OBJC_IMPLEMENTATIONS = YES;
				CLANG_WARN_DIRECT_OBJC_ISA_USAGE = YES_ERROR;
				CLANG_WARN_DOCUMENTATION_COMMENTS = YES;
				CLANG_WARN_EMPTY_BODY = YES;
				CLANG_WARN_ENUM_CONVERSION = YES;
				CLANG_WARN_INFINITE_RECURSION = YES;
				CLANG_WARN_INT_CONVERSION = YES;
				CLANG_WARN_NON_LITERAL_NULL_CONVERSION = YES;
				CLANG_WARN_OBJC_IMPLICIT_RETAIN_SELF = YES;
				CLANG_WARN_OBJC_LITERAL_CONVERSION = YES;
				CLANG_WARN_OBJC_ROOT_CLASS = YES_ERROR;
				CLANG_WARN_RANGE_LOOP_ANALYSIS = YES;
				CLANG_WARN_STRICT_PROTOTYPES = YES;
				CLANG_WARN_SUSPICIOUS_MOVE = YES;
				CLANG_WARN_UNGUARDED_AVAILABILITY = YES_AGGRESSIVE;
				CLANG_WARN_UNREACHABLE_CODE = YES;
				CLANG_WARN__DUPLICATE_METHOD_MATCH = YES;
				COPY_PHASE_STRIP = NO;
				DEBUG_INFORMATION_FORMAT = "dwarf-with-dsym";
				ENABLE_NS_ASSERTIONS = NO;
				ENABLE_STRICT_OBJC_MSGSEND = YES;
				GCC_C_LANGUAGE_STANDARD = gnu11;
				GCC_NO_COMMON_BLOCKS = YES;
				GCC_WARN_64_TO_32_BIT_CONVERSION = YES;
				GCC_WARN_ABOUT_RETURN_TYPE = YES_ERROR;
				GCC_WARN_UNDECLARED_SELECTOR = YES;
				GCC_WARN_UNINITIALIZED_AUTOS = YES_AGGRESSIVE;
				GCC_WARN_UNUSED_FUNCTION = YES;
				GCC_WARN_UNUSED_VARIABLE = YES;
				IPHONEOS_DEPLOYMENT_TARGET = 13.5;
				MTL_ENABLE_DEBUG_INFO = NO;
				MTL_FAST_MATH = YES;
				SDKROOT = iphoneos;
				SWIFT_COMPILATION_MODE = wholemodule;
				SWIFT_OPTIMIZATION_LEVEL = "-O";
				VALIDATE_PRODUCT = YES;
			};
			name = Release;
		};
		A1A2575E24A7E36F0074B4AC /* Debug */ = {
			isa = XCBuildConfiguration;
			buildSettings = {
				ASSETCATALOG_COMPILER_APPICON_NAME = AppIcon;
				CODE_SIGN_STYLE = Automatic;
				DEVELOPMENT_ASSET_PATHS = "\"EmojiArt/Preview Content\"";
				DEVELOPMENT_TEAM = PY6XKKZNRY;
				ENABLE_PREVIEWS = YES;
				INFOPLIST_FILE = EmojiArt/Info.plist;
				LD_RUNPATH_SEARCH_PATHS = (
					"$(inherited)",
					"@executable_path/Frameworks",
				);
				PRODUCT_BUNDLE_IDENTIFIER = com.albaqawi.EmojiArt;
				PRODUCT_NAME = "$(TARGET_NAME)";
				SWIFT_VERSION = 5.0;
				TARGETED_DEVICE_FAMILY = "1,2";
			};
			name = Debug;
		};
		A1A2575F24A7E36F0074B4AC /* Release */ = {
			isa = XCBuildConfiguration;
			buildSettings = {
				ASSETCATALOG_COMPILER_APPICON_NAME = AppIcon;
				CODE_SIGN_STYLE = Automatic;
				DEVELOPMENT_ASSET_PATHS = "\"EmojiArt/Preview Content\"";
				DEVELOPMENT_TEAM = PY6XKKZNRY;
				ENABLE_PREVIEWS = YES;
				INFOPLIST_FILE = EmojiArt/Info.plist;
				LD_RUNPATH_SEARCH_PATHS = (
					"$(inherited)",
					"@executable_path/Frameworks",
				);
				PRODUCT_BUNDLE_IDENTIFIER = com.albaqawi.EmojiArt;
				PRODUCT_NAME = "$(TARGET_NAME)";
				SWIFT_VERSION = 5.0;
				TARGETED_DEVICE_FAMILY = "1,2";
			};
			name = Release;
		};
/* End XCBuildConfiguration section */

/* Begin XCConfigurationList section */
		A1A2574424A7E36B0074B4AC /* Build configuration list for PBXProject "EmojiArt" */ = {
			isa = XCConfigurationList;
			buildConfigurations = (
				A1A2575B24A7E36F0074B4AC /* Debug */,
				A1A2575C24A7E36F0074B4AC /* Release */,
			);
			defaultConfigurationIsVisible = 0;
			defaultConfigurationName = Release;
		};
		A1A2575D24A7E36F0074B4AC /* Build configuration list for PBXNativeTarget "EmojiArt" */ = {
			isa = XCConfigurationList;
			buildConfigurations = (
				A1A2575E24A7E36F0074B4AC /* Debug */,
				A1A2575F24A7E36F0074B4AC /* Release */,
			);
			defaultConfigurationIsVisible = 0;
			defaultConfigurationName = Release;
		};
/* End XCConfigurationList section */
	};
	rootObject = A1A2574124A7E36B0074B4AC /* Project object */;
}
